PODS:
  - Flutter (1.0.0)
  - gpu_image (0.0.1):
    - Flutter

DEPENDENCIES:
  - Flutter (from `Flutter`)
  - gpu_image (from `.symlinks/plugins/gpu_image/ios`)

EXTERNAL SOURCES:
  Flutter:
    :path: Flutter
  gpu_image:
    :path: ".symlinks/plugins/gpu_image/ios"

SPEC CHECKSUMS:
  Flutter: e0871f40cf51350855a761d2e70bf5af5b9b5de7
  gpu_image: 1426f03a4b0cab753fab27d61b92ce4684a502c2

PODFILE CHECKSUM: c4c93c5f6502fe2754f48404d3594bf779584011

COCOAPODS: 1.15.2
